// !$*UTF8*$!
{
	archiveVersion = 1;
	classes = {
	};
	objectVersion = 46;
	objects = {

/* Begin PBXBuildFile section */
		2AC73F511B5F7F89006FA02C /* main.m in Sources */ = {isa = PBXBuildFile; fileRef = 2AC73F501B5F7F89006FA02C /* main.m */; };
		2AC73F541B5F7F89006FA02C /* AppDelegate.m in Sources */ = {isa = PBXBuildFile; fileRef = 2AC73F531B5F7F89006FA02C /* AppDelegate.m */; };
		2AC73F571B5F7F89006FA02C /* ViewController.m in Sources */ = {isa = PBXBuildFile; fileRef = 2AC73F561B5F7F89006FA02C /* ViewController.m */; };
		2AC73F5A1B5F7F89006FA02C /* Main.storyboard in Resources */ = {isa = PBXBuildFile; fileRef = 2AC73F581B5F7F89006FA02C /* Main.storyboard */; };
		2AC73F5C1B5F7F89006FA02C /* Images.xcassets in Resources */ = {isa = PBXBuildFile; fileRef = 2AC73F5B1B5F7F89006FA02C /* Images.xcassets */; };
		2AC73F5F1B5F7F89006FA02C /* LaunchScreen.xib in Resources */ = {isa = PBXBuildFile; fileRef = 2AC73F5D1B5F7F89006FA02C /* LaunchScreen.xib */; };
		2AC73F6B1B5F7F89006FA02C /* AssociateDemoTests.m in Sources */ = {isa = PBXBuildFile; fileRef = 2AC73F6A1B5F7F89006FA02C /* AssociateDemoTests.m */; };
		2AC73F751B5F7FAF006FA02C /* ReadMe.txt in Resources */ = {isa = PBXBuildFile; fileRef = 2AC73F741B5F7FAF006FA02C /* ReadMe.txt */; };
/* End PBXBuildFile section */

/* Begin PBXContainerItemProxy section */
		2AC73F651B5F7F89006FA02C /* PBXContainerItemProxy */ = {
			isa = PBXContainerItemProxy;
			containerPortal = 2AC73F431B5F7F88006FA02C /* Project object */;
			proxyType = 1;
			remoteGlobalIDString = 2AC73F4A1B5F7F89006FA02C;
			remoteInfo = AssociateDemo;
		};
/* End PBXContainerItemProxy section */

/* Begin PBXFileReference section */
		2AC73F4B1B5F7F89006FA02C /* AssociateDemo.app */ = {isa = PBXFileReference; explicitFileType = wrapper.application; includeInIndex = 0; path = AssociateDemo.app; sourceTree = BUILT_PRODUCTS_DIR; };
		2AC73F4F1B5F7F89006FA02C /* Info.plist */ = {isa = PBXFileReference; lastKnownFileType = text.plist.xml; path = Info.plist; sourceTree = "<group>"; };
		2AC73F501B5F7F89006FA02C /* main.m */ = {isa = PBXFileReference; lastKnownFileType = sourcecode.c.objc; path = main.m; sourceTree = "<group>"; };
		2AC73F521B5F7F89006FA02C /* AppDelegate.h */ = {isa = PBXFileReference; lastKnownFileType = sourcecode.c.h; path = AppDelegate.h; sourceTree = "<group>"; };
		2AC73F531B5F7F89006FA02C /* AppDelegate.m */ = {isa = PBXFileReference; lastKnownFileType = sourcecode.c.objc; path = AppDelegate.m; sourceTree = "<group>"; };
		2AC73F551B5F7F89006FA02C /* ViewController.h */ = {isa = PBXFileReference; lastKnownFileType = sourcecode.c.h; path = ViewController.h; sourceTree = "<group>"; };
		2AC73F561B5F7F89006FA02C /* ViewController.m */ = {isa = PBXFileReference; lastKnownFileType = sourcecode.c.objc; path = ViewController.m; sourceTree = "<group>"; };
		2AC73F591B5F7F89006FA02C /* Base */ = {isa = PBXFileReference; lastKnownFileType = file.storyboard; name = Base; path = Base.lproj/Main.storyboard; sourceTree = "<group>"; };
		2AC73F5B1B5F7F89006FA02C /* Images.xcassets */ = {isa = PBXFileReference; lastKnownFileType = folder.assetcatalog; path = Images.xcassets; sourceTree = "<group>"; };
		2AC73F5E1B5F7F89006FA02C /* Base */ = {isa = PBXFileReference; lastKnownFileType = file.xib; name = Base; path = Base.lproj/LaunchScreen.xib; sourceTree = "<group>"; };
		2AC73F641B5F7F89006FA02C /* AssociateDemoTests.xctest */ = {isa = PBXFileReference; explicitFileType = wrapper.cfbundle; includeInIndex = 0; path = AssociateDemoTests.xctest; sourceTree = BUILT_PRODUCTS_DIR; };
		2AC73F691B5F7F89006FA02C /* Info.plist */ = {isa = PBXFileReference; lastKnownFileType = text.plist.xml; path = Info.plist; sourceTree = "<group>"; };
		2AC73F6A1B5F7F89006FA02C /* AssociateDemoTests.m */ = {isa = PBXFileReference; lastKnownFileType = sourcecode.c.objc; path = AssociateDemoTests.m; sourceTree = "<group>"; };
		2AC73F741B5F7FAF006FA02C /* ReadMe.txt */ = {isa = PBXFileReference; fileEncoding = 4; lastKnownFileType = text; path = ReadMe.txt; sourceTree = "<group>"; };
/* End PBXFileReference section */

/* Begin PBXFrameworksBuildPhase section */
		2AC73F481B5F7F89006FA02C /* Frameworks */ = {
			isa = PBXFrameworksBuildPhase;
			buildActionMask = 2147483647;
			files = (
			);
			runOnlyForDeploymentPostprocessing = 0;
		};
		2AC73F611B5F7F89006FA02C /* Frameworks */ = {
			isa = PBXFrameworksBuildPhase;
			buildActionMask = 2147483647;
			files = (
			);
			runOnlyForDeploymentPostprocessing = 0;
		};
/* End PBXFrameworksBuildPhase section */

/* Begin PBXGroup section */
		2AC73F421B5F7F88006FA02C = {
			isa = PBXGroup;
			children = (
				2AC73F741B5F7FAF006FA02C /* ReadMe.txt */,
				2AC73F4D1B5F7F89006FA02C /* AssociateDemo */,
				2AC73F671B5F7F89006FA02C /* AssociateDemoTests */,
				2AC73F4C1B5F7F89006FA02C /* Products */,
			);
			sourceTree = "<group>";
		};
		2AC73F4C1B5F7F89006FA02C /* Products */ = {
			isa = PBXGroup;
			children = (
				2AC73F4B1B5F7F89006FA02C /* AssociateDemo.app */,
				2AC73F641B5F7F89006FA02C /* AssociateDemoTests.xctest */,
			);
			name = Products;
			sourceTree = "<group>";
		};
		2AC73F4D1B5F7F89006FA02C /* AssociateDemo */ = {
			isa = PBXGroup;
			children = (
				2AC73F521B5F7F89006FA02C /* AppDelegate.h */,
				2AC73F531B5F7F89006FA02C /* AppDelegate.m */,
				2AC73F551B5F7F89006FA02C /* ViewController.h */,
				2AC73F561B5F7F89006FA02C /* ViewController.m */,
				2AC73F581B5F7F89006FA02C /* Main.storyboard */,
				2AC73F5B1B5F7F89006FA02C /* Images.xcassets */,
				2AC73F5D1B5F7F89006FA02C /* LaunchScreen.xib */,
				2AC73F4E1B5F7F89006FA02C /* Supporting Files */,
			);
			path = AssociateDemo;
			sourceTree = "<group>";
		};
		2AC73F4E1B5F7F89006FA02C /* Supporting Files */ = {
			isa = PBXGroup;
			children = (
				2AC73F4F1B5F7F89006FA02C /* Info.plist */,
				2AC73F501B5F7F89006FA02C /* main.m */,
			);
			name = "Supporting Files";
			sourceTree = "<group>";
		};
		2AC73F671B5F7F89006FA02C /* AssociateDemoTests */ = {
			isa = PBXGroup;
			children = (
				2AC73F6A1B5F7F89006FA02C /* AssociateDemoTests.m */,
				2AC73F681B5F7F89006FA02C /* Supporting Files */,
			);
			path = AssociateDemoTests;
			sourceTree = "<group>";
		};
		2AC73F681B5F7F89006FA02C /* Supporting Files */ = {
			isa = PBXGroup;
			children = (
				2AC73F691B5F7F89006FA02C /* Info.plist */,
			);
			name = "Supporting Files";
			sourceTree = "<group>";
		};
/* End PBXGroup section */

/* Begin PBXNativeTarget section */
		2AC73F4A1B5F7F89006FA02C /* AssociateDemo */ = {
			isa = PBXNativeTarget;
			buildConfigurationList = 2AC73F6E1B5F7F89006FA02C /* Build configuration list for PBXNativeTarget "AssociateDemo" */;
			buildPhases = (
				2AC73F471B5F7F89006FA02C /* Sources */,
				2AC73F481B5F7F89006FA02C /* Frameworks */,
				2AC73F491B5F7F89006FA02C /* Resources */,
			);
			buildRules = (
			);
			dependencies = (
			);
			name = AssociateDemo;
			productName = AssociateDemo;
			productReference = 2AC73F4B1B5F7F89006FA02C /* AssociateDemo.app */;
			productType = "com.apple.product-type.application";
		};
		2AC73F631B5F7F89006FA02C /* AssociateDemoTests */ = {
			isa = PBXNativeTarget;
			buildConfigurationList = 2AC73F711B5F7F89006FA02C /* Build configuration list for PBXNativeTarget "AssociateDemoTests" */;
			buildPhases = (
				2AC73F601B5F7F89006FA02C /* Sources */,
				2AC73F611B5F7F89006FA02C /* Frameworks */,
				2AC73F621B5F7F89006FA02C /* Resources */,
			);
			buildRules = (
			);
			dependencies = (
				2AC73F661B5F7F89006FA02C /* PBXTargetDependency */,
			);
			name = AssociateDemoTests;
			productName = AssociateDemoTests;
			productReference = 2AC73F641B5F7F89006FA02C /* AssociateDemoTests.xctest */;
			productType = "com.apple.product-type.bundle.unit-test";
		};
/* End PBXNativeTarget section */

/* Begin PBXProject section */
		2AC73F431B5F7F88006FA02C /* Project object */ = {
			isa = PBXProject;
			attributes = {
				LastUpgradeCheck = 0610;
				ORGANIZATIONNAME = "广东道一信息科技有限公司";
				TargetAttributes = {
					2AC73F4A1B5F7F89006FA02C = {
						CreatedOnToolsVersion = 6.1;
					};
					2AC73F631B5F7F89006FA02C = {
						CreatedOnToolsVersion = 6.1;
						TestTargetID = 2AC73F4A1B5F7F89006FA02C;
					};
				};
			};
			buildConfigurationList = 2AC73F461B5F7F89006FA02C /* Build configuration list for PBXProject "AssociateDemo" */;
			compatibilityVersion = "Xcode 3.2";
			developmentRegion = English;
			hasScannedForEncodings = 0;
			knownRegions = (
				en,
				Base,
			);
			mainGroup = 2AC73F421B5F7F88006FA02C;
			productRefGroup = 2AC73F4C1B5F7F89006FA02C /* Products */;
			projectDirPath = "";
			projectRoot = "";
			targets = (
				2AC73F4A1B5F7F89006FA02C /* AssociateDemo */,
				2AC73F631B5F7F89006FA02C /* AssociateDemoTests */,
			);
		};
/* End PBXProject section */

/* Begin PBXResourcesBuildPhase section */
		2AC73F491B5F7F89006FA02C /* Resources */ = {
			isa = PBXResourcesBuildPhase;
			buildActionMask = 2147483647;
			files = (
				2AC73F5A1B5F7F89006FA02C /* Main.storyboard in Resources */,
				2AC73F5F1B5F7F89006FA02C /* LaunchScreen.xib in Resources */,
				2AC73F751B5F7FAF006FA02C /* ReadMe.txt in Resources */,
				2AC73F5C1B5F7F89006FA02C /* Images.xcassets in Resources */,
			);
			runOnlyForDeploymentPostprocessing = 0;
		};
		2AC73F621B5F7F89006FA02C /* Resources */ = {
			isa = PBXResourcesBuildPhase;
			buildActionMask = 2147483647;
			files = (
			);
			runOnlyForDeploymentPostprocessing = 0;
		};
/* End PBXResourcesBuildPhase section */

/* Begin PBXSourcesBuildPhase section */
		2AC73F471B5F7F89006FA02C /* Sources */ = {
			isa = PBXSourcesBuildPhase;
			buildActionMask = 2147483647;
			files = (
				2AC73F571B5F7F89006FA02C /* ViewController.m in Sources */,
				2AC73F541B5F7F89006FA02C /* AppDelegate.m in Sources */,
				2AC73F511B5F7F89006FA02C /* main.m in Sources */,
			);
			runOnlyForDeploymentPostprocessing = 0;
		};
		2AC73F601B5F7F89006FA02C /* Sources */ = {
			isa = PBXSourcesBuildPhase;
			buildActionMask = 2147483647;
			files = (
				2AC73F6B1B5F7F89006FA02C /* AssociateDemoTests.m in Sources */,
			);
			runOnlyForDeploymentPostprocessing = 0;
		};
/* End PBXSourcesBuildPhase section */

/* Begin PBXTargetDependency section */
		2AC73F661B5F7F89006FA02C /* PBXTargetDependency */ = {
			isa = PBXTargetDependency;
			target = 2AC73F4A1B5F7F89006FA02C /* AssociateDemo */;
			targetProxy = 2AC73F651B5F7F89006FA02C /* PBXContainerItemProxy */;
		};
/* End PBXTargetDependency section */

/* Begin PBXVariantGroup section */
		2AC73F581B5F7F89006FA02C /* Main.storyboard */ = {
			isa = PBXVariantGroup;
			children = (
				2AC73F591B5F7F89006FA02C /* Base */,
			);
			name = Main.storyboard;
			sourceTree = "<group>";
		};
		2AC73F5D1B5F7F89006FA02C /* LaunchScreen.xib */ = {
			isa = PBXVariantGroup;
			children = (
				2AC73F5E1B5F7F89006FA02C /* Base */,
			);
			name = LaunchScreen.xib;
			sourceTree = "<group>";
		};
/* End PBXVariantGroup section */

/* Begin XCBuildConfiguration section */
		2AC73F6C1B5F7F89006FA02C /* Debug */ = {
			isa = XCBuildConfiguration;
			buildSettings = {
				ALWAYS_SEARCH_USER_PATHS = NO;
				CLANG_CXX_LANGUAGE_STANDARD = "gnu++0x";
				CLANG_CXX_LIBRARY = "libc++";
				CLANG_ENABLE_MODULES = YES;
				CLANG_ENABLE_OBJC_ARC = YES;
				CLANG_WARN_BOOL_CONVERSION = YES;
				CLANG_WARN_CONSTANT_CONVERSION = YES;
				CLANG_WARN_DIRECT_OBJC_ISA_USAGE = YES_ERROR;
				CLANG_WARN_EMPTY_BODY = YES;
				CLANG_WARN_ENUM_CONVERSION = YES;
				CLANG_WARN_INT_CONVERSION = YES;
				CLANG_WARN_OBJC_ROOT_CLASS = YES_ERROR;
				CLANG_WARN_UNREACHABLE_CODE = YES;
				CLANG_WARN__DUPLICATE_METHOD_MATCH = YES;
				"CODE_SIGN_IDENTITY[sdk=iphoneos*]" = "iPhone Developer";
				COPY_PHASE_STRIP = NO;
				ENABLE_STRICT_OBJC_MSGSEND = YES;
				GCC_C_LANGUAGE_STANDARD = gnu99;
				GCC_DYNAMIC_NO_PIC = NO;
				GCC_OPTIMIZATION_LEVEL = 0;
				GCC_PREPROCESSOR_DEFINITIONS = (
					"DEBUG=1",
					"$(inherited)",
				);
				GCC_SYMBOLS_PRIVATE_EXTERN = NO;
				GCC_WARN_64_TO_32_BIT_CONVERSION = YES;
				GCC_WARN_ABOUT_RETURN_TYPE = YES_ERROR;
				GCC_WARN_UNDECLARED_SELECTOR = YES;
				GCC_WARN_UNINITIALIZED_AUTOS = YES_AGGRESSIVE;
				GCC_WARN_UNUSED_FUNCTION = YES;
				GCC_WARN_UNUSED_VARIABLE = YES;
				IPHONEOS_DEPLOYMENT_TARGET = 8.1;
				MTL_ENABLE_DEBUG_INFO = YES;
				ONLY_ACTIVE_ARCH = YES;
				SDKROOT = iphoneos;
				TARGETED_DEVICE_FAMILY = "1,2";
			};
			name = Debug;
		};
		2AC73F6D1B5F7F89006FA02C /* Release */ = {
			isa = XCBuildConfiguration;
			buildSettings = {
				ALWAYS_SEARCH_USER_PATHS = NO;
				CLANG_CXX_LANGUAGE_STANDARD = "gnu++0x";
				CLANG_CXX_LIBRARY = "libc++";
				CLANG_ENABLE_MODULES = YES;
				CLANG_ENABLE_OBJC_ARC = YES;
				CLANG_WARN_BOOL_CONVERSION = YES;
				CLANG_WARN_CONSTANT_CONVERSION = YES;
				CLANG_WARN_DIRECT_OBJC_ISA_USAGE = YES_ERROR;
				CLANG_WARN_EMPTY_BODY = YES;
				CLANG_WARN_ENUM_CONVERSION = YES;
				CLANG_WARN_INT_CONVERSION = YES;
				CLANG_WARN_OBJC_ROOT_CLASS = YES_ERROR;
				CLANG_WARN_UNREACHABLE_CODE = YES;
				CLANG_WARN__DUPLICATE_METHOD_MATCH = YES;
				"CODE_SIGN_IDENTITY[sdk=iphoneos*]" = "iPhone Developer";
				COPY_PHASE_STRIP = YES;
				ENABLE_NS_ASSERTIONS = NO;
				ENABLE_STRICT_OBJC_MSGSEND = YES;
				GCC_C_LANGUAGE_STANDARD = gnu99;
				GCC_WARN_64_TO_32_BIT_CONVERSION = YES;
				GCC_WARN_ABOUT_RETURN_TYPE = YES_ERROR;
				GCC_WARN_UNDECLARED_SELECTOR = YES;
				GCC_WARN_UNINITIALIZED_AUTOS = YES_AGGRESSIVE;
				GCC_WARN_UNUSED_FUNCTION = YES;
				GCC_WARN_UNUSED_VARIABLE = YES;
				IPHONEOS_DEPLOYMENT_TARGET = 8.1;
				MTL_ENABLE_DEBUG_INFO = NO;
				SDKROOT = iphoneos;
				TARGETED_DEVICE_FAMILY = "1,2";
				VALIDATE_PRODUCT = YES;
			};
			name = Release;
		};
		2AC73F6F1B5F7F89006FA02C /* Debug */ = {
			isa = XCBuildConfiguration;
			buildSettings = {
				ASSETCATALOG_COMPILER_APPICON_NAME = AppIcon;
				INFOPLIST_FILE = AssociateDemo/Info.plist;
				LD_RUNPATH_SEARCH_PATHS = "$(inherited) @executable_path/Frameworks";
				PRODUCT_NAME = "$(TARGET_NAME)";
			};
			name = Debug;
		};
		2AC73F701B5F7F89006FA02C /* Release */ = {
			isa = XCBuildConfiguration;
			buildSettings = {
				ASSETCATALOG_COMPILER_APPICON_NAME = AppIcon;
				INFOPLIST_FILE = AssociateDemo/Info.plist;
				LD_RUNPATH_SEARCH_PATHS = "$(inherited) @executable_path/Frameworks";
				PRODUCT_NAME = "$(TARGET_NAME)";
			};
			name = Release;
		};
		2AC73F721B5F7F89006FA02C /* Debug */ = {
			isa = XCBuildConfiguration;
			buildSettings = {
				BUNDLE_LOADER = "$(TEST_HOST)";
				FRAMEWORK_SEARCH_PATHS = (
					"$(SDKROOT)/Developer/Library/Frameworks",
					"$(inherited)",
				);
				GCC_PREPROCESSOR_DEFINITIONS = (
					"DEBUG=1",
					"$(inherited)",
				);
				INFOPLIST_FILE = AssociateDemoTests/Info.plist;
				LD_RUNPATH_SEARCH_PATHS = "$(inherited) @executable_path/Frameworks @loader_path/Frameworks";
				PRODUCT_NAME = "$(TARGET_NAME)";
				TEST_HOST = "$(BUILT_PRODUCTS_DIR)/AssociateDemo.app/AssociateDemo";
			};
			name = Debug;
		};
		2AC73F731B5F7F89006FA02C /* Release */ = {
			isa = XCBuildConfiguration;
			buildSettings = {
				BUNDLE_LOADER = "$(TEST_HOST)";
				FRAMEWORK_SEARCH_PATHS = (
					"$(SDKROOT)/Developer/Library/Frameworks",
					"$(inherited)",
				);
				INFOPLIST_FILE = AssociateDemoTests/Info.plist;
				LD_RUNPATH_SEARCH_PATHS = "$(inherited) @executable_path/Frameworks @loader_path/Frameworks";
				PRODUCT_NAME = "$(TARGET_NAME)";
				TEST_HOST = "$(BUILT_PRODUCTS_DIR)/AssociateDemo.app/AssociateDemo";
			};
			name = Release;
		};
/* End XCBuildConfiguration section */

/* Begin XCConfigurationList section */
		2AC73F461B5F7F89006FA02C /* Build configuration list for PBXProject "AssociateDemo" */ = {
			isa = XCConfigurationList;
			buildConfigurations = (
				2AC73F6C1B5F7F89006FA02C /* Debug */,
				2AC73F6D1B5F7F89006FA02C /* Release */,
			);
			defaultConfigurationIsVisible = 0;
			defaultConfigurationName = Release;
		};
		2AC73F6E1B5F7F89006FA02C /* Build configuration list for PBXNativeTarget "AssociateDemo" */ = {
			isa = XCConfigurationList;
			buildConfigurations = (
				2AC73F6F1B5F7F89006FA02C /* Debug */,
				2AC73F701B5F7F89006FA02C /* Release */,
			);
			defaultConfigurationIsVisible = 0;
		};
		2AC73F711B5F7F89006FA02C /* Build configuration list for PBXNativeTarget "AssociateDemoTests" */ = {
			isa = XCConfigurationList;
			buildConfigurations = (
				2AC73F721B5F7F89006FA02C /* Debug */,
				2AC73F731B5F7F89006FA02C /* Release */,
			);
			defaultConfigurationIsVisible = 0;
		};
/* End XCConfigurationList section */
	};
	rootObject = 2AC73F431B5F7F88006FA02C /* Project object */;
}
