// !$*UTF8*$!
{
	archiveVersion = 1;
	classes = {
	};
	objectVersion = 46;
	objects = {

/* Begin PBXBuildFile section */
		2A5A69371B68CBE400720939 /* AppDelegate.swift in Sources */ = {isa = PBXBuildFile; fileRef = 2A5A69361B68CBE400720939 /* AppDelegate.swift */; };
		2A5A69391B68CBE400720939 /* ViewController.swift in Sources */ = {isa = PBXBuildFile; fileRef = 2A5A69381B68CBE400720939 /* ViewController.swift */; };
		2A5A693C1B68CBE400720939 /* Main.storyboard in Resources */ = {isa = PBXBuildFile; fileRef = 2A5A693A1B68CBE400720939 /* Main.storyboard */; };
		2A5A693E1B68CBE400720939 /* Images.xcassets in Resources */ = {isa = PBXBuildFile; fileRef = 2A5A693D1B68CBE400720939 /* Images.xcassets */; };
		2A5A69411B68CBE400720939 /* LaunchScreen.xib in Resources */ = {isa = PBXBuildFile; fileRef = 2A5A693F1B68CBE400720939 /* LaunchScreen.xib */; };
		2A5A694D1B68CBE400720939 /* EffectControlTests.swift in Sources */ = {isa = PBXBuildFile; fileRef = 2A5A694C1B68CBE400720939 /* EffectControlTests.swift */; };
		2A5DD9A91B68D3A400F9A0DB /* TransformController.swift in Sources */ = {isa = PBXBuildFile; fileRef = 2A5DD9A81B68D3A400F9A0DB /* TransformController.swift */; };
		2A5DD9AB1B68DAD800F9A0DB /* tortiter.jpg in Resources */ = {isa = PBXBuildFile; fileRef = 2A5DD9AA1B68DAD800F9A0DB /* tortiter.jpg */; };
/* End PBXBuildFile section */

/* Begin PBXContainerItemProxy section */
		2A5A69471B68CBE400720939 /* PBXContainerItemProxy */ = {
			isa = PBXContainerItemProxy;
			containerPortal = 2A5A69291B68CBE400720939 /* Project object */;
			proxyType = 1;
			remoteGlobalIDString = 2A5A69301B68CBE400720939;
			remoteInfo = EffectControl;
		};
/* End PBXContainerItemProxy section */

/* Begin PBXFileReference section */
		2A5A69311B68CBE400720939 /* EffectControl.app */ = {isa = PBXFileReference; explicitFileType = wrapper.application; includeInIndex = 0; path = EffectControl.app; sourceTree = BUILT_PRODUCTS_DIR; };
		2A5A69351B68CBE400720939 /* Info.plist */ = {isa = PBXFileReference; lastKnownFileType = text.plist.xml; path = Info.plist; sourceTree = "<group>"; };
		2A5A69361B68CBE400720939 /* AppDelegate.swift */ = {isa = PBXFileReference; lastKnownFileType = sourcecode.swift; path = AppDelegate.swift; sourceTree = "<group>"; };
		2A5A69381B68CBE400720939 /* ViewController.swift */ = {isa = PBXFileReference; lastKnownFileType = sourcecode.swift; path = ViewController.swift; sourceTree = "<group>"; };
		2A5A693B1B68CBE400720939 /* Base */ = {isa = PBXFileReference; lastKnownFileType = file.storyboard; name = Base; path = Base.lproj/Main.storyboard; sourceTree = "<group>"; };
		2A5A693D1B68CBE400720939 /* Images.xcassets */ = {isa = PBXFileReference; lastKnownFileType = folder.assetcatalog; path = Images.xcassets; sourceTree = "<group>"; };
		2A5A69401B68CBE400720939 /* Base */ = {isa = PBXFileReference; lastKnownFileType = file.xib; name = Base; path = Base.lproj/LaunchScreen.xib; sourceTree = "<group>"; };
		2A5A69461B68CBE400720939 /* EffectControlTests.xctest */ = {isa = PBXFileReference; explicitFileType = wrapper.cfbundle; includeInIndex = 0; path = EffectControlTests.xctest; sourceTree = BUILT_PRODUCTS_DIR; };
		2A5A694B1B68CBE400720939 /* Info.plist */ = {isa = PBXFileReference; lastKnownFileType = text.plist.xml; path = Info.plist; sourceTree = "<group>"; };
		2A5A694C1B68CBE400720939 /* EffectControlTests.swift */ = {isa = PBXFileReference; lastKnownFileType = sourcecode.swift; path = EffectControlTests.swift; sourceTree = "<group>"; };
		2A5DD9A81B68D3A400F9A0DB /* TransformController.swift */ = {isa = PBXFileReference; fileEncoding = 4; lastKnownFileType = sourcecode.swift; path = TransformController.swift; sourceTree = "<group>"; };
		2A5DD9AA1B68DAD800F9A0DB /* tortiter.jpg */ = {isa = PBXFileReference; lastKnownFileType = image.jpeg; path = tortiter.jpg; sourceTree = "<group>"; };
/* End PBXFileReference section */

/* Begin PBXFrameworksBuildPhase section */
		2A5A692E1B68CBE400720939 /* Frameworks */ = {
			isa = PBXFrameworksBuildPhase;
			buildActionMask = 2147483647;
			files = (
			);
			runOnlyForDeploymentPostprocessing = 0;
		};
		2A5A69431B68CBE400720939 /* Frameworks */ = {
			isa = PBXFrameworksBuildPhase;
			buildActionMask = 2147483647;
			files = (
			);
			runOnlyForDeploymentPostprocessing = 0;
		};
/* End PBXFrameworksBuildPhase section */

/* Begin PBXGroup section */
		2A5A69281B68CBE400720939 = {
			isa = PBXGroup;
			children = (
				2A5A69331B68CBE400720939 /* EffectControl */,
				2A5A69491B68CBE400720939 /* EffectControlTests */,
				2A5A69321B68CBE400720939 /* Products */,
			);
			sourceTree = "<group>";
		};
		2A5A69321B68CBE400720939 /* Products */ = {
			isa = PBXGroup;
			children = (
				2A5A69311B68CBE400720939 /* EffectControl.app */,
				2A5A69461B68CBE400720939 /* EffectControlTests.xctest */,
			);
			name = Products;
			sourceTree = "<group>";
		};
		2A5A69331B68CBE400720939 /* EffectControl */ = {
			isa = PBXGroup;
			children = (
				2A5A69361B68CBE400720939 /* AppDelegate.swift */,
				2A5A69381B68CBE400720939 /* ViewController.swift */,
				2A5DD9A81B68D3A400F9A0DB /* TransformController.swift */,
				2A5A693A1B68CBE400720939 /* Main.storyboard */,
				2A5A693D1B68CBE400720939 /* Images.xcassets */,
				2A5A693F1B68CBE400720939 /* LaunchScreen.xib */,
				2A5A69341B68CBE400720939 /* Supporting Files */,
			);
			path = EffectControl;
			sourceTree = "<group>";
		};
		2A5A69341B68CBE400720939 /* Supporting Files */ = {
			isa = PBXGroup;
			children = (
				2A5DD9AA1B68DAD800F9A0DB /* tortiter.jpg */,
				2A5A69351B68CBE400720939 /* Info.plist */,
			);
			name = "Supporting Files";
			sourceTree = "<group>";
		};
		2A5A69491B68CBE400720939 /* EffectControlTests */ = {
			isa = PBXGroup;
			children = (
				2A5A694C1B68CBE400720939 /* EffectControlTests.swift */,
				2A5A694A1B68CBE400720939 /* Supporting Files */,
			);
			path = EffectControlTests;
			sourceTree = "<group>";
		};
		2A5A694A1B68CBE400720939 /* Supporting Files */ = {
			isa = PBXGroup;
			children = (
				2A5A694B1B68CBE400720939 /* Info.plist */,
			);
			name = "Supporting Files";
			sourceTree = "<group>";
		};
/* End PBXGroup section */

/* Begin PBXNativeTarget section */
		2A5A69301B68CBE400720939 /* EffectControl */ = {
			isa = PBXNativeTarget;
			buildConfigurationList = 2A5A69501B68CBE400720939 /* Build configuration list for PBXNativeTarget "EffectControl" */;
			buildPhases = (
				2A5A692D1B68CBE400720939 /* Sources */,
				2A5A692E1B68CBE400720939 /* Frameworks */,
				2A5A692F1B68CBE400720939 /* Resources */,
			);
			buildRules = (
			);
			dependencies = (
			);
			name = EffectControl;
			productName = EffectControl;
			productReference = 2A5A69311B68CBE400720939 /* EffectControl.app */;
			productType = "com.apple.product-type.application";
		};
		2A5A69451B68CBE400720939 /* EffectControlTests */ = {
			isa = PBXNativeTarget;
			buildConfigurationList = 2A5A69531B68CBE400720939 /* Build configuration list for PBXNativeTarget "EffectControlTests" */;
			buildPhases = (
				2A5A69421B68CBE400720939 /* Sources */,
				2A5A69431B68CBE400720939 /* Frameworks */,
				2A5A69441B68CBE400720939 /* Resources */,
			);
			buildRules = (
			);
			dependencies = (
				2A5A69481B68CBE400720939 /* PBXTargetDependency */,
			);
			name = EffectControlTests;
			productName = EffectControlTests;
			productReference = 2A5A69461B68CBE400720939 /* EffectControlTests.xctest */;
			productType = "com.apple.product-type.bundle.unit-test";
		};
/* End PBXNativeTarget section */

/* Begin PBXProject section */
		2A5A69291B68CBE400720939 /* Project object */ = {
			isa = PBXProject;
			attributes = {
				LastUpgradeCheck = 0630;
				ORGANIZATIONNAME = "广东道一信息科技有限公司";
				TargetAttributes = {
					2A5A69301B68CBE400720939 = {
						CreatedOnToolsVersion = 6.3;
					};
					2A5A69451B68CBE400720939 = {
						CreatedOnToolsVersion = 6.3;
						TestTargetID = 2A5A69301B68CBE400720939;
					};
				};
			};
			buildConfigurationList = 2A5A692C1B68CBE400720939 /* Build configuration list for PBXProject "EffectControl" */;
			compatibilityVersion = "Xcode 3.2";
			developmentRegion = English;
			hasScannedForEncodings = 0;
			knownRegions = (
				en,
				Base,
			);
			mainGroup = 2A5A69281B68CBE400720939;
			productRefGroup = 2A5A69321B68CBE400720939 /* Products */;
			projectDirPath = "";
			projectRoot = "";
			targets = (
				2A5A69301B68CBE400720939 /* EffectControl */,
				2A5A69451B68CBE400720939 /* EffectControlTests */,
			);
		};
/* End PBXProject section */

/* Begin PBXResourcesBuildPhase section */
		2A5A692F1B68CBE400720939 /* Resources */ = {
			isa = PBXResourcesBuildPhase;
			buildActionMask = 2147483647;
			files = (
				2A5DD9AB1B68DAD800F9A0DB /* tortiter.jpg in Resources */,
				2A5A693C1B68CBE400720939 /* Main.storyboard in Resources */,
				2A5A69411B68CBE400720939 /* LaunchScreen.xib in Resources */,
				2A5A693E1B68CBE400720939 /* Images.xcassets in Resources */,
			);
			runOnlyForDeploymentPostprocessing = 0;
		};
		2A5A69441B68CBE400720939 /* Resources */ = {
			isa = PBXResourcesBuildPhase;
			buildActionMask = 2147483647;
			files = (
			);
			runOnlyForDeploymentPostprocessing = 0;
		};
/* End PBXResourcesBuildPhase section */

/* Begin PBXSourcesBuildPhase section */
		2A5A692D1B68CBE400720939 /* Sources */ = {
			isa = PBXSourcesBuildPhase;
			buildActionMask = 2147483647;
			files = (
				2A5A69391B68CBE400720939 /* ViewController.swift in Sources */,
				2A5DD9A91B68D3A400F9A0DB /* TransformController.swift in Sources */,
				2A5A69371B68CBE400720939 /* AppDelegate.swift in Sources */,
			);
			runOnlyForDeploymentPostprocessing = 0;
		};
		2A5A69421B68CBE400720939 /* Sources */ = {
			isa = PBXSourcesBuildPhase;
			buildActionMask = 2147483647;
			files = (
				2A5A694D1B68CBE400720939 /* EffectControlTests.swift in Sources */,
			);
			runOnlyForDeploymentPostprocessing = 0;
		};
/* End PBXSourcesBuildPhase section */

/* Begin PBXTargetDependency section */
		2A5A69481B68CBE400720939 /* PBXTargetDependency */ = {
			isa = PBXTargetDependency;
			target = 2A5A69301B68CBE400720939 /* EffectControl */;
			targetProxy = 2A5A69471B68CBE400720939 /* PBXContainerItemProxy */;
		};
/* End PBXTargetDependency section */

/* Begin PBXVariantGroup section */
		2A5A693A1B68CBE400720939 /* Main.storyboard */ = {
			isa = PBXVariantGroup;
			children = (
				2A5A693B1B68CBE400720939 /* Base */,
			);
			name = Main.storyboard;
			sourceTree = "<group>";
		};
		2A5A693F1B68CBE400720939 /* LaunchScreen.xib */ = {
			isa = PBXVariantGroup;
			children = (
				2A5A69401B68CBE400720939 /* Base */,
			);
			name = LaunchScreen.xib;
			sourceTree = "<group>";
		};
/* End PBXVariantGroup section */

/* Begin XCBuildConfiguration section */
		2A5A694E1B68CBE400720939 /* Debug */ = {
			isa = XCBuildConfiguration;
			buildSettings = {
				ALWAYS_SEARCH_USER_PATHS = NO;
				CLANG_CXX_LANGUAGE_STANDARD = "gnu++0x";
				CLANG_CXX_LIBRARY = "libc++";
				CLANG_ENABLE_MODULES = YES;
				CLANG_ENABLE_OBJC_ARC = YES;
				CLANG_WARN_BOOL_CONVERSION = YES;
				CLANG_WARN_CONSTANT_CONVERSION = YES;
				CLANG_WARN_DIRECT_OBJC_ISA_USAGE = YES_ERROR;
				CLANG_WARN_EMPTY_BODY = YES;
				CLANG_WARN_ENUM_CONVERSION = YES;
				CLANG_WARN_INT_CONVERSION = YES;
				CLANG_WARN_OBJC_ROOT_CLASS = YES_ERROR;
				CLANG_WARN_UNREACHABLE_CODE = YES;
				CLANG_WARN__DUPLICATE_METHOD_MATCH = YES;
				"CODE_SIGN_IDENTITY[sdk=iphoneos*]" = "iPhone Developer";
				COPY_PHASE_STRIP = NO;
				DEBUG_INFORMATION_FORMAT = "dwarf-with-dsym";
				ENABLE_STRICT_OBJC_MSGSEND = YES;
				GCC_C_LANGUAGE_STANDARD = gnu99;
				GCC_DYNAMIC_NO_PIC = NO;
				GCC_NO_COMMON_BLOCKS = YES;
				GCC_OPTIMIZATION_LEVEL = 0;
				GCC_PREPROCESSOR_DEFINITIONS = (
					"DEBUG=1",
					"$(inherited)",
				);
				GCC_SYMBOLS_PRIVATE_EXTERN = NO;
				GCC_WARN_64_TO_32_BIT_CONVERSION = YES;
				GCC_WARN_ABOUT_RETURN_TYPE = YES_ERROR;
				GCC_WARN_UNDECLARED_SELECTOR = YES;
				GCC_WARN_UNINITIALIZED_AUTOS = YES_AGGRESSIVE;
				GCC_WARN_UNUSED_FUNCTION = YES;
				GCC_WARN_UNUSED_VARIABLE = YES;
				IPHONEOS_DEPLOYMENT_TARGET = 8.3;
				MTL_ENABLE_DEBUG_INFO = YES;
				ONLY_ACTIVE_ARCH = YES;
				SDKROOT = iphoneos;
				SWIFT_OPTIMIZATION_LEVEL = "-Onone";
				TARGETED_DEVICE_FAMILY = "1,2";
			};
			name = Debug;
		};
		2A5A694F1B68CBE400720939 /* Release */ = {
			isa = XCBuildConfiguration;
			buildSettings = {
				ALWAYS_SEARCH_USER_PATHS = NO;
				CLANG_CXX_LANGUAGE_STANDARD = "gnu++0x";
				CLANG_CXX_LIBRARY = "libc++";
				CLANG_ENABLE_MODULES = YES;
				CLANG_ENABLE_OBJC_ARC = YES;
				CLANG_WARN_BOOL_CONVERSION = YES;
				CLANG_WARN_CONSTANT_CONVERSION = YES;
				CLANG_WARN_DIRECT_OBJC_ISA_USAGE = YES_ERROR;
				CLANG_WARN_EMPTY_BODY = YES;
				CLANG_WARN_ENUM_CONVERSION = YES;
				CLANG_WARN_INT_CONVERSION = YES;
				CLANG_WARN_OBJC_ROOT_CLASS = YES_ERROR;
				CLANG_WARN_UNREACHABLE_CODE = YES;
				CLANG_WARN__DUPLICATE_METHOD_MATCH = YES;
				"CODE_SIGN_IDENTITY[sdk=iphoneos*]" = "iPhone Developer";
				COPY_PHASE_STRIP = NO;
				DEBUG_INFORMATION_FORMAT = "dwarf-with-dsym";
				ENABLE_NS_ASSERTIONS = NO;
				ENABLE_STRICT_OBJC_MSGSEND = YES;
				GCC_C_LANGUAGE_STANDARD = gnu99;
				GCC_NO_COMMON_BLOCKS = YES;
				GCC_WARN_64_TO_32_BIT_CONVERSION = YES;
				GCC_WARN_ABOUT_RETURN_TYPE = YES_ERROR;
				GCC_WARN_UNDECLARED_SELECTOR = YES;
				GCC_WARN_UNINITIALIZED_AUTOS = YES_AGGRESSIVE;
				GCC_WARN_UNUSED_FUNCTION = YES;
				GCC_WARN_UNUSED_VARIABLE = YES;
				IPHONEOS_DEPLOYMENT_TARGET = 8.3;
				MTL_ENABLE_DEBUG_INFO = NO;
				SDKROOT = iphoneos;
				TARGETED_DEVICE_FAMILY = "1,2";
				VALIDATE_PRODUCT = YES;
			};
			name = Release;
		};
		2A5A69511B68CBE400720939 /* Debug */ = {
			isa = XCBuildConfiguration;
			buildSettings = {
				ASSETCATALOG_COMPILER_APPICON_NAME = AppIcon;
				INFOPLIST_FILE = EffectControl/Info.plist;
				LD_RUNPATH_SEARCH_PATHS = "$(inherited) @executable_path/Frameworks";
				PRODUCT_NAME = "$(TARGET_NAME)";
			};
			name = Debug;
		};
		2A5A69521B68CBE400720939 /* Release */ = {
			isa = XCBuildConfiguration;
			buildSettings = {
				ASSETCATALOG_COMPILER_APPICON_NAME = AppIcon;
				INFOPLIST_FILE = EffectControl/Info.plist;
				LD_RUNPATH_SEARCH_PATHS = "$(inherited) @executable_path/Frameworks";
				PRODUCT_NAME = "$(TARGET_NAME)";
			};
			name = Release;
		};
		2A5A69541B68CBE400720939 /* Debug */ = {
			isa = XCBuildConfiguration;
			buildSettings = {
				BUNDLE_LOADER = "$(TEST_HOST)";
				FRAMEWORK_SEARCH_PATHS = (
					"$(SDKROOT)/Developer/Library/Frameworks",
					"$(inherited)",
				);
				GCC_PREPROCESSOR_DEFINITIONS = (
					"DEBUG=1",
					"$(inherited)",
				);
				INFOPLIST_FILE = EffectControlTests/Info.plist;
				LD_RUNPATH_SEARCH_PATHS = "$(inherited) @executable_path/Frameworks @loader_path/Frameworks";
				PRODUCT_NAME = "$(TARGET_NAME)";
				TEST_HOST = "$(BUILT_PRODUCTS_DIR)/EffectControl.app/EffectControl";
			};
			name = Debug;
		};
		2A5A69551B68CBE400720939 /* Release */ = {
			isa = XCBuildConfiguration;
			buildSettings = {
				BUNDLE_LOADER = "$(TEST_HOST)";
				FRAMEWORK_SEARCH_PATHS = (
					"$(SDKROOT)/Developer/Library/Frameworks",
					"$(inherited)",
				);
				INFOPLIST_FILE = EffectControlTests/Info.plist;
				LD_RUNPATH_SEARCH_PATHS = "$(inherited) @executable_path/Frameworks @loader_path/Frameworks";
				PRODUCT_NAME = "$(TARGET_NAME)";
				TEST_HOST = "$(BUILT_PRODUCTS_DIR)/EffectControl.app/EffectControl";
			};
			name = Release;
		};
/* End XCBuildConfiguration section */

/* Begin XCConfigurationList section */
		2A5A692C1B68CBE400720939 /* Build configuration list for PBXProject "EffectControl" */ = {
			isa = XCConfigurationList;
			buildConfigurations = (
				2A5A694E1B68CBE400720939 /* Debug */,
				2A5A694F1B68CBE400720939 /* Release */,
			);
			defaultConfigurationIsVisible = 0;
			defaultConfigurationName = Release;
		};
		2A5A69501B68CBE400720939 /* Build configuration list for PBXNativeTarget "EffectControl" */ = {
			isa = XCConfigurationList;
			buildConfigurations = (
				2A5A69511B68CBE400720939 /* Debug */,
				2A5A69521B68CBE400720939 /* Release */,
			);
			defaultConfigurationIsVisible = 0;
			defaultConfigurationName = Release;
		};
		2A5A69531B68CBE400720939 /* Build configuration list for PBXNativeTarget "EffectControlTests" */ = {
			isa = XCConfigurationList;
			buildConfigurations = (
				2A5A69541B68CBE400720939 /* Debug */,
				2A5A69551B68CBE400720939 /* Release */,
			);
			defaultConfigurationIsVisible = 0;
			defaultConfigurationName = Release;
		};
/* End XCConfigurationList section */
	};
	rootObject = 2A5A69291B68CBE400720939 /* Project object */;
}
