// !$*UTF8*$!
{
	archiveVersion = 1;
	classes = {
	};
	objectVersion = 46;
	objects = {

/* Begin PBXBuildFile section */
		2ADA2AD81B6F4F5D005765A0 /* AppDelegate.swift in Sources */ = {isa = PBXBuildFile; fileRef = 2ADA2AD71B6F4F5D005765A0 /* AppDelegate.swift */; };
		2ADA2ADA1B6F4F5D005765A0 /* ViewController.swift in Sources */ = {isa = PBXBuildFile; fileRef = 2ADA2AD91B6F4F5D005765A0 /* ViewController.swift */; };
		2ADA2ADD1B6F4F5D005765A0 /* Main.storyboard in Resources */ = {isa = PBXBuildFile; fileRef = 2ADA2ADB1B6F4F5D005765A0 /* Main.storyboard */; };
		2ADA2ADF1B6F4F5D005765A0 /* Images.xcassets in Resources */ = {isa = PBXBuildFile; fileRef = 2ADA2ADE1B6F4F5D005765A0 /* Images.xcassets */; };
		2ADA2AE21B6F4F5D005765A0 /* LaunchScreen.xib in Resources */ = {isa = PBXBuildFile; fileRef = 2ADA2AE01B6F4F5D005765A0 /* LaunchScreen.xib */; };
		2ADA2AEE1B6F4F5D005765A0 /* CalendarUITests.swift in Sources */ = {isa = PBXBuildFile; fileRef = 2ADA2AED1B6F4F5D005765A0 /* CalendarUITests.swift */; };
		2ADA2AFA1B6F67FA005765A0 /* CKHCalendarUI.swift in Sources */ = {isa = PBXBuildFile; fileRef = 2ADA2AF91B6F67FA005765A0 /* CKHCalendarUI.swift */; };
/* End PBXBuildFile section */

/* Begin PBXContainerItemProxy section */
		2ADA2AE81B6F4F5D005765A0 /* PBXContainerItemProxy */ = {
			isa = PBXContainerItemProxy;
			containerPortal = 2ADA2ACA1B6F4F5C005765A0 /* Project object */;
			proxyType = 1;
			remoteGlobalIDString = 2ADA2AD11B6F4F5C005765A0;
			remoteInfo = CalendarUI;
		};
/* End PBXContainerItemProxy section */

/* Begin PBXFileReference section */
		2ADA2AD21B6F4F5C005765A0 /* CalendarUI.app */ = {isa = PBXFileReference; explicitFileType = wrapper.application; includeInIndex = 0; path = CalendarUI.app; sourceTree = BUILT_PRODUCTS_DIR; };
		2ADA2AD61B6F4F5D005765A0 /* Info.plist */ = {isa = PBXFileReference; lastKnownFileType = text.plist.xml; path = Info.plist; sourceTree = "<group>"; };
		2ADA2AD71B6F4F5D005765A0 /* AppDelegate.swift */ = {isa = PBXFileReference; lastKnownFileType = sourcecode.swift; path = AppDelegate.swift; sourceTree = "<group>"; };
		2ADA2AD91B6F4F5D005765A0 /* ViewController.swift */ = {isa = PBXFileReference; lastKnownFileType = sourcecode.swift; path = ViewController.swift; sourceTree = "<group>"; };
		2ADA2ADC1B6F4F5D005765A0 /* Base */ = {isa = PBXFileReference; lastKnownFileType = file.storyboard; name = Base; path = Base.lproj/Main.storyboard; sourceTree = "<group>"; };
		2ADA2ADE1B6F4F5D005765A0 /* Images.xcassets */ = {isa = PBXFileReference; lastKnownFileType = folder.assetcatalog; path = Images.xcassets; sourceTree = "<group>"; };
		2ADA2AE11B6F4F5D005765A0 /* Base */ = {isa = PBXFileReference; lastKnownFileType = file.xib; name = Base; path = Base.lproj/LaunchScreen.xib; sourceTree = "<group>"; };
		2ADA2AE71B6F4F5D005765A0 /* CalendarUITests.xctest */ = {isa = PBXFileReference; explicitFileType = wrapper.cfbundle; includeInIndex = 0; path = CalendarUITests.xctest; sourceTree = BUILT_PRODUCTS_DIR; };
		2ADA2AEC1B6F4F5D005765A0 /* Info.plist */ = {isa = PBXFileReference; lastKnownFileType = text.plist.xml; path = Info.plist; sourceTree = "<group>"; };
		2ADA2AED1B6F4F5D005765A0 /* CalendarUITests.swift */ = {isa = PBXFileReference; lastKnownFileType = sourcecode.swift; path = CalendarUITests.swift; sourceTree = "<group>"; };
		2ADA2AF91B6F67FA005765A0 /* CKHCalendarUI.swift */ = {isa = PBXFileReference; fileEncoding = 4; lastKnownFileType = sourcecode.swift; path = CKHCalendarUI.swift; sourceTree = "<group>"; };
/* End PBXFileReference section */

/* Begin PBXFrameworksBuildPhase section */
		2ADA2ACF1B6F4F5C005765A0 /* Frameworks */ = {
			isa = PBXFrameworksBuildPhase;
			buildActionMask = 2147483647;
			files = (
			);
			runOnlyForDeploymentPostprocessing = 0;
		};
		2ADA2AE41B6F4F5D005765A0 /* Frameworks */ = {
			isa = PBXFrameworksBuildPhase;
			buildActionMask = 2147483647;
			files = (
			);
			runOnlyForDeploymentPostprocessing = 0;
		};
/* End PBXFrameworksBuildPhase section */

/* Begin PBXGroup section */
		2ADA2AC91B6F4F5C005765A0 = {
			isa = PBXGroup;
			children = (
				2ADA2AD41B6F4F5C005765A0 /* CalendarUI */,
				2ADA2AEA1B6F4F5D005765A0 /* CalendarUITests */,
				2ADA2AD31B6F4F5C005765A0 /* Products */,
			);
			sourceTree = "<group>";
		};
		2ADA2AD31B6F4F5C005765A0 /* Products */ = {
			isa = PBXGroup;
			children = (
				2ADA2AD21B6F4F5C005765A0 /* CalendarUI.app */,
				2ADA2AE71B6F4F5D005765A0 /* CalendarUITests.xctest */,
			);
			name = Products;
			sourceTree = "<group>";
		};
		2ADA2AD41B6F4F5C005765A0 /* CalendarUI */ = {
			isa = PBXGroup;
			children = (
				2ADA2AD71B6F4F5D005765A0 /* AppDelegate.swift */,
				2ADA2AD91B6F4F5D005765A0 /* ViewController.swift */,
				2ADA2AF91B6F67FA005765A0 /* CKHCalendarUI.swift */,
				2ADA2ADB1B6F4F5D005765A0 /* Main.storyboard */,
				2ADA2ADE1B6F4F5D005765A0 /* Images.xcassets */,
				2ADA2AE01B6F4F5D005765A0 /* LaunchScreen.xib */,
				2ADA2AD51B6F4F5D005765A0 /* Supporting Files */,
			);
			path = CalendarUI;
			sourceTree = "<group>";
		};
		2ADA2AD51B6F4F5D005765A0 /* Supporting Files */ = {
			isa = PBXGroup;
			children = (
				2ADA2AD61B6F4F5D005765A0 /* Info.plist */,
			);
			name = "Supporting Files";
			sourceTree = "<group>";
		};
		2ADA2AEA1B6F4F5D005765A0 /* CalendarUITests */ = {
			isa = PBXGroup;
			children = (
				2ADA2AED1B6F4F5D005765A0 /* CalendarUITests.swift */,
				2ADA2AEB1B6F4F5D005765A0 /* Supporting Files */,
			);
			path = CalendarUITests;
			sourceTree = "<group>";
		};
		2ADA2AEB1B6F4F5D005765A0 /* Supporting Files */ = {
			isa = PBXGroup;
			children = (
				2ADA2AEC1B6F4F5D005765A0 /* Info.plist */,
			);
			name = "Supporting Files";
			sourceTree = "<group>";
		};
/* End PBXGroup section */

/* Begin PBXNativeTarget section */
		2ADA2AD11B6F4F5C005765A0 /* CalendarUI */ = {
			isa = PBXNativeTarget;
			buildConfigurationList = 2ADA2AF11B6F4F5D005765A0 /* Build configuration list for PBXNativeTarget "CalendarUI" */;
			buildPhases = (
				2ADA2ACE1B6F4F5C005765A0 /* Sources */,
				2ADA2ACF1B6F4F5C005765A0 /* Frameworks */,
				2ADA2AD01B6F4F5C005765A0 /* Resources */,
			);
			buildRules = (
			);
			dependencies = (
			);
			name = CalendarUI;
			productName = CalendarUI;
			productReference = 2ADA2AD21B6F4F5C005765A0 /* CalendarUI.app */;
			productType = "com.apple.product-type.application";
		};
		2ADA2AE61B6F4F5D005765A0 /* CalendarUITests */ = {
			isa = PBXNativeTarget;
			buildConfigurationList = 2ADA2AF41B6F4F5D005765A0 /* Build configuration list for PBXNativeTarget "CalendarUITests" */;
			buildPhases = (
				2ADA2AE31B6F4F5D005765A0 /* Sources */,
				2ADA2AE41B6F4F5D005765A0 /* Frameworks */,
				2ADA2AE51B6F4F5D005765A0 /* Resources */,
			);
			buildRules = (
			);
			dependencies = (
				2ADA2AE91B6F4F5D005765A0 /* PBXTargetDependency */,
			);
			name = CalendarUITests;
			productName = CalendarUITests;
			productReference = 2ADA2AE71B6F4F5D005765A0 /* CalendarUITests.xctest */;
			productType = "com.apple.product-type.bundle.unit-test";
		};
/* End PBXNativeTarget section */

/* Begin PBXProject section */
		2ADA2ACA1B6F4F5C005765A0 /* Project object */ = {
			isa = PBXProject;
			attributes = {
				LastUpgradeCheck = 0630;
				ORGANIZATIONNAME = "广东道一信息科技有限公司";
				TargetAttributes = {
					2ADA2AD11B6F4F5C005765A0 = {
						CreatedOnToolsVersion = 6.3;
					};
					2ADA2AE61B6F4F5D005765A0 = {
						CreatedOnToolsVersion = 6.3;
						TestTargetID = 2ADA2AD11B6F4F5C005765A0;
					};
				};
			};
			buildConfigurationList = 2ADA2ACD1B6F4F5C005765A0 /* Build configuration list for PBXProject "CalendarUI" */;
			compatibilityVersion = "Xcode 3.2";
			developmentRegion = English;
			hasScannedForEncodings = 0;
			knownRegions = (
				en,
				Base,
			);
			mainGroup = 2ADA2AC91B6F4F5C005765A0;
			productRefGroup = 2ADA2AD31B6F4F5C005765A0 /* Products */;
			projectDirPath = "";
			projectRoot = "";
			targets = (
				2ADA2AD11B6F4F5C005765A0 /* CalendarUI */,
				2ADA2AE61B6F4F5D005765A0 /* CalendarUITests */,
			);
		};
/* End PBXProject section */

/* Begin PBXResourcesBuildPhase section */
		2ADA2AD01B6F4F5C005765A0 /* Resources */ = {
			isa = PBXResourcesBuildPhase;
			buildActionMask = 2147483647;
			files = (
				2ADA2ADD1B6F4F5D005765A0 /* Main.storyboard in Resources */,
				2ADA2AE21B6F4F5D005765A0 /* LaunchScreen.xib in Resources */,
				2ADA2ADF1B6F4F5D005765A0 /* Images.xcassets in Resources */,
			);
			runOnlyForDeploymentPostprocessing = 0;
		};
		2ADA2AE51B6F4F5D005765A0 /* Resources */ = {
			isa = PBXResourcesBuildPhase;
			buildActionMask = 2147483647;
			files = (
			);
			runOnlyForDeploymentPostprocessing = 0;
		};
/* End PBXResourcesBuildPhase section */

/* Begin PBXSourcesBuildPhase section */
		2ADA2ACE1B6F4F5C005765A0 /* Sources */ = {
			isa = PBXSourcesBuildPhase;
			buildActionMask = 2147483647;
			files = (
				2ADA2AFA1B6F67FA005765A0 /* CKHCalendarUI.swift in Sources */,
				2ADA2ADA1B6F4F5D005765A0 /* ViewController.swift in Sources */,
				2ADA2AD81B6F4F5D005765A0 /* AppDelegate.swift in Sources */,
			);
			runOnlyForDeploymentPostprocessing = 0;
		};
		2ADA2AE31B6F4F5D005765A0 /* Sources */ = {
			isa = PBXSourcesBuildPhase;
			buildActionMask = 2147483647;
			files = (
				2ADA2AEE1B6F4F5D005765A0 /* CalendarUITests.swift in Sources */,
			);
			runOnlyForDeploymentPostprocessing = 0;
		};
/* End PBXSourcesBuildPhase section */

/* Begin PBXTargetDependency section */
		2ADA2AE91B6F4F5D005765A0 /* PBXTargetDependency */ = {
			isa = PBXTargetDependency;
			target = 2ADA2AD11B6F4F5C005765A0 /* CalendarUI */;
			targetProxy = 2ADA2AE81B6F4F5D005765A0 /* PBXContainerItemProxy */;
		};
/* End PBXTargetDependency section */

/* Begin PBXVariantGroup section */
		2ADA2ADB1B6F4F5D005765A0 /* Main.storyboard */ = {
			isa = PBXVariantGroup;
			children = (
				2ADA2ADC1B6F4F5D005765A0 /* Base */,
			);
			name = Main.storyboard;
			sourceTree = "<group>";
		};
		2ADA2AE01B6F4F5D005765A0 /* LaunchScreen.xib */ = {
			isa = PBXVariantGroup;
			children = (
				2ADA2AE11B6F4F5D005765A0 /* Base */,
			);
			name = LaunchScreen.xib;
			sourceTree = "<group>";
		};
/* End PBXVariantGroup section */

/* Begin XCBuildConfiguration section */
		2ADA2AEF1B6F4F5D005765A0 /* Debug */ = {
			isa = XCBuildConfiguration;
			buildSettings = {
				ALWAYS_SEARCH_USER_PATHS = NO;
				CLANG_CXX_LANGUAGE_STANDARD = "gnu++0x";
				CLANG_CXX_LIBRARY = "libc++";
				CLANG_ENABLE_MODULES = YES;
				CLANG_ENABLE_OBJC_ARC = YES;
				CLANG_WARN_BOOL_CONVERSION = YES;
				CLANG_WARN_CONSTANT_CONVERSION = YES;
				CLANG_WARN_DIRECT_OBJC_ISA_USAGE = YES_ERROR;
				CLANG_WARN_EMPTY_BODY = YES;
				CLANG_WARN_ENUM_CONVERSION = YES;
				CLANG_WARN_INT_CONVERSION = YES;
				CLANG_WARN_OBJC_ROOT_CLASS = YES_ERROR;
				CLANG_WARN_UNREACHABLE_CODE = YES;
				CLANG_WARN__DUPLICATE_METHOD_MATCH = YES;
				"CODE_SIGN_IDENTITY[sdk=iphoneos*]" = "iPhone Developer";
				COPY_PHASE_STRIP = NO;
				DEBUG_INFORMATION_FORMAT = "dwarf-with-dsym";
				ENABLE_STRICT_OBJC_MSGSEND = YES;
				GCC_C_LANGUAGE_STANDARD = gnu99;
				GCC_DYNAMIC_NO_PIC = NO;
				GCC_NO_COMMON_BLOCKS = YES;
				GCC_OPTIMIZATION_LEVEL = 0;
				GCC_PREPROCESSOR_DEFINITIONS = (
					"DEBUG=1",
					"$(inherited)",
				);
				GCC_SYMBOLS_PRIVATE_EXTERN = NO;
				GCC_WARN_64_TO_32_BIT_CONVERSION = YES;
				GCC_WARN_ABOUT_RETURN_TYPE = YES_ERROR;
				GCC_WARN_UNDECLARED_SELECTOR = YES;
				GCC_WARN_UNINITIALIZED_AUTOS = YES_AGGRESSIVE;
				GCC_WARN_UNUSED_FUNCTION = YES;
				GCC_WARN_UNUSED_VARIABLE = YES;
				IPHONEOS_DEPLOYMENT_TARGET = 8.3;
				MTL_ENABLE_DEBUG_INFO = YES;
				ONLY_ACTIVE_ARCH = YES;
				SDKROOT = iphoneos;
				SWIFT_OPTIMIZATION_LEVEL = "-Onone";
				TARGETED_DEVICE_FAMILY = "1,2";
			};
			name = Debug;
		};
		2ADA2AF01B6F4F5D005765A0 /* Release */ = {
			isa = XCBuildConfiguration;
			buildSettings = {
				ALWAYS_SEARCH_USER_PATHS = NO;
				CLANG_CXX_LANGUAGE_STANDARD = "gnu++0x";
				CLANG_CXX_LIBRARY = "libc++";
				CLANG_ENABLE_MODULES = YES;
				CLANG_ENABLE_OBJC_ARC = YES;
				CLANG_WARN_BOOL_CONVERSION = YES;
				CLANG_WARN_CONSTANT_CONVERSION = YES;
				CLANG_WARN_DIRECT_OBJC_ISA_USAGE = YES_ERROR;
				CLANG_WARN_EMPTY_BODY = YES;
				CLANG_WARN_ENUM_CONVERSION = YES;
				CLANG_WARN_INT_CONVERSION = YES;
				CLANG_WARN_OBJC_ROOT_CLASS = YES_ERROR;
				CLANG_WARN_UNREACHABLE_CODE = YES;
				CLANG_WARN__DUPLICATE_METHOD_MATCH = YES;
				"CODE_SIGN_IDENTITY[sdk=iphoneos*]" = "iPhone Developer";
				COPY_PHASE_STRIP = NO;
				DEBUG_INFORMATION_FORMAT = "dwarf-with-dsym";
				ENABLE_NS_ASSERTIONS = NO;
				ENABLE_STRICT_OBJC_MSGSEND = YES;
				GCC_C_LANGUAGE_STANDARD = gnu99;
				GCC_NO_COMMON_BLOCKS = YES;
				GCC_WARN_64_TO_32_BIT_CONVERSION = YES;
				GCC_WARN_ABOUT_RETURN_TYPE = YES_ERROR;
				GCC_WARN_UNDECLARED_SELECTOR = YES;
				GCC_WARN_UNINITIALIZED_AUTOS = YES_AGGRESSIVE;
				GCC_WARN_UNUSED_FUNCTION = YES;
				GCC_WARN_UNUSED_VARIABLE = YES;
				IPHONEOS_DEPLOYMENT_TARGET = 8.3;
				MTL_ENABLE_DEBUG_INFO = NO;
				SDKROOT = iphoneos;
				TARGETED_DEVICE_FAMILY = "1,2";
				VALIDATE_PRODUCT = YES;
			};
			name = Release;
		};
		2ADA2AF21B6F4F5D005765A0 /* Debug */ = {
			isa = XCBuildConfiguration;
			buildSettings = {
				ASSETCATALOG_COMPILER_APPICON_NAME = AppIcon;
				INFOPLIST_FILE = CalendarUI/Info.plist;
				LD_RUNPATH_SEARCH_PATHS = "$(inherited) @executable_path/Frameworks";
				PRODUCT_NAME = "$(TARGET_NAME)";
			};
			name = Debug;
		};
		2ADA2AF31B6F4F5D005765A0 /* Release */ = {
			isa = XCBuildConfiguration;
			buildSettings = {
				ASSETCATALOG_COMPILER_APPICON_NAME = AppIcon;
				INFOPLIST_FILE = CalendarUI/Info.plist;
				LD_RUNPATH_SEARCH_PATHS = "$(inherited) @executable_path/Frameworks";
				PRODUCT_NAME = "$(TARGET_NAME)";
			};
			name = Release;
		};
		2ADA2AF51B6F4F5D005765A0 /* Debug */ = {
			isa = XCBuildConfiguration;
			buildSettings = {
				BUNDLE_LOADER = "$(TEST_HOST)";
				FRAMEWORK_SEARCH_PATHS = (
					"$(SDKROOT)/Developer/Library/Frameworks",
					"$(inherited)",
				);
				GCC_PREPROCESSOR_DEFINITIONS = (
					"DEBUG=1",
					"$(inherited)",
				);
				INFOPLIST_FILE = CalendarUITests/Info.plist;
				LD_RUNPATH_SEARCH_PATHS = "$(inherited) @executable_path/Frameworks @loader_path/Frameworks";
				PRODUCT_NAME = "$(TARGET_NAME)";
				TEST_HOST = "$(BUILT_PRODUCTS_DIR)/CalendarUI.app/CalendarUI";
			};
			name = Debug;
		};
		2ADA2AF61B6F4F5D005765A0 /* Release */ = {
			isa = XCBuildConfiguration;
			buildSettings = {
				BUNDLE_LOADER = "$(TEST_HOST)";
				FRAMEWORK_SEARCH_PATHS = (
					"$(SDKROOT)/Developer/Library/Frameworks",
					"$(inherited)",
				);
				INFOPLIST_FILE = CalendarUITests/Info.plist;
				LD_RUNPATH_SEARCH_PATHS = "$(inherited) @executable_path/Frameworks @loader_path/Frameworks";
				PRODUCT_NAME = "$(TARGET_NAME)";
				TEST_HOST = "$(BUILT_PRODUCTS_DIR)/CalendarUI.app/CalendarUI";
			};
			name = Release;
		};
/* End XCBuildConfiguration section */

/* Begin XCConfigurationList section */
		2ADA2ACD1B6F4F5C005765A0 /* Build configuration list for PBXProject "CalendarUI" */ = {
			isa = XCConfigurationList;
			buildConfigurations = (
				2ADA2AEF1B6F4F5D005765A0 /* Debug */,
				2ADA2AF01B6F4F5D005765A0 /* Release */,
			);
			defaultConfigurationIsVisible = 0;
			defaultConfigurationName = Release;
		};
		2ADA2AF11B6F4F5D005765A0 /* Build configuration list for PBXNativeTarget "CalendarUI" */ = {
			isa = XCConfigurationList;
			buildConfigurations = (
				2ADA2AF21B6F4F5D005765A0 /* Debug */,
				2ADA2AF31B6F4F5D005765A0 /* Release */,
			);
			defaultConfigurationIsVisible = 0;
			defaultConfigurationName = Release;
		};
		2ADA2AF41B6F4F5D005765A0 /* Build configuration list for PBXNativeTarget "CalendarUITests" */ = {
			isa = XCConfigurationList;
			buildConfigurations = (
				2ADA2AF51B6F4F5D005765A0 /* Debug */,
				2ADA2AF61B6F4F5D005765A0 /* Release */,
			);
			defaultConfigurationIsVisible = 0;
			defaultConfigurationName = Release;
		};
/* End XCConfigurationList section */
	};
	rootObject = 2ADA2ACA1B6F4F5C005765A0 /* Project object */;
}
