// !$*UTF8*$!
{
	archiveVersion = 1;
	classes = {
	};
	objectVersion = 46;
	objects = {

/* Begin PBXBuildFile section */
		2AD54DB71B6A108C001F3268 /* AppDelegate.swift in Sources */ = {isa = PBXBuildFile; fileRef = 2AD54DB61B6A108C001F3268 /* AppDelegate.swift */; };
		2AD54DB91B6A108C001F3268 /* ViewController.swift in Sources */ = {isa = PBXBuildFile; fileRef = 2AD54DB81B6A108C001F3268 /* ViewController.swift */; };
		2AD54DBC1B6A108C001F3268 /* Main.storyboard in Resources */ = {isa = PBXBuildFile; fileRef = 2AD54DBA1B6A108C001F3268 /* Main.storyboard */; };
		2AD54DBE1B6A108C001F3268 /* Images.xcassets in Resources */ = {isa = PBXBuildFile; fileRef = 2AD54DBD1B6A108C001F3268 /* Images.xcassets */; };
		2AD54DC11B6A108C001F3268 /* LaunchScreen.xib in Resources */ = {isa = PBXBuildFile; fileRef = 2AD54DBF1B6A108C001F3268 /* LaunchScreen.xib */; };
		2AD54DCD1B6A108C001F3268 /* HandleTextFieldTests.swift in Sources */ = {isa = PBXBuildFile; fileRef = 2AD54DCC1B6A108C001F3268 /* HandleTextFieldTests.swift */; };
		2AD54DD71B6A109C001F3268 /* ReadMe.txt in Resources */ = {isa = PBXBuildFile; fileRef = 2AD54DD61B6A109C001F3268 /* ReadMe.txt */; };
/* End PBXBuildFile section */

/* Begin PBXContainerItemProxy section */
		2AD54DC71B6A108C001F3268 /* PBXContainerItemProxy */ = {
			isa = PBXContainerItemProxy;
			containerPortal = 2AD54DA91B6A108C001F3268 /* Project object */;
			proxyType = 1;
			remoteGlobalIDString = 2AD54DB01B6A108C001F3268;
			remoteInfo = HandleTextField;
		};
/* End PBXContainerItemProxy section */

/* Begin PBXFileReference section */
		2AD54DB11B6A108C001F3268 /* HandleTextField.app */ = {isa = PBXFileReference; explicitFileType = wrapper.application; includeInIndex = 0; path = HandleTextField.app; sourceTree = BUILT_PRODUCTS_DIR; };
		2AD54DB51B6A108C001F3268 /* Info.plist */ = {isa = PBXFileReference; lastKnownFileType = text.plist.xml; path = Info.plist; sourceTree = "<group>"; };
		2AD54DB61B6A108C001F3268 /* AppDelegate.swift */ = {isa = PBXFileReference; lastKnownFileType = sourcecode.swift; path = AppDelegate.swift; sourceTree = "<group>"; };
		2AD54DB81B6A108C001F3268 /* ViewController.swift */ = {isa = PBXFileReference; lastKnownFileType = sourcecode.swift; path = ViewController.swift; sourceTree = "<group>"; };
		2AD54DBB1B6A108C001F3268 /* Base */ = {isa = PBXFileReference; lastKnownFileType = file.storyboard; name = Base; path = Base.lproj/Main.storyboard; sourceTree = "<group>"; };
		2AD54DBD1B6A108C001F3268 /* Images.xcassets */ = {isa = PBXFileReference; lastKnownFileType = folder.assetcatalog; path = Images.xcassets; sourceTree = "<group>"; };
		2AD54DC01B6A108C001F3268 /* Base */ = {isa = PBXFileReference; lastKnownFileType = file.xib; name = Base; path = Base.lproj/LaunchScreen.xib; sourceTree = "<group>"; };
		2AD54DC61B6A108C001F3268 /* HandleTextFieldTests.xctest */ = {isa = PBXFileReference; explicitFileType = wrapper.cfbundle; includeInIndex = 0; path = HandleTextFieldTests.xctest; sourceTree = BUILT_PRODUCTS_DIR; };
		2AD54DCB1B6A108C001F3268 /* Info.plist */ = {isa = PBXFileReference; lastKnownFileType = text.plist.xml; path = Info.plist; sourceTree = "<group>"; };
		2AD54DCC1B6A108C001F3268 /* HandleTextFieldTests.swift */ = {isa = PBXFileReference; lastKnownFileType = sourcecode.swift; path = HandleTextFieldTests.swift; sourceTree = "<group>"; };
		2AD54DD61B6A109C001F3268 /* ReadMe.txt */ = {isa = PBXFileReference; fileEncoding = 4; lastKnownFileType = text; path = ReadMe.txt; sourceTree = "<group>"; };
/* End PBXFileReference section */

/* Begin PBXFrameworksBuildPhase section */
		2AD54DAE1B6A108C001F3268 /* Frameworks */ = {
			isa = PBXFrameworksBuildPhase;
			buildActionMask = 2147483647;
			files = (
			);
			runOnlyForDeploymentPostprocessing = 0;
		};
		2AD54DC31B6A108C001F3268 /* Frameworks */ = {
			isa = PBXFrameworksBuildPhase;
			buildActionMask = 2147483647;
			files = (
			);
			runOnlyForDeploymentPostprocessing = 0;
		};
/* End PBXFrameworksBuildPhase section */

/* Begin PBXGroup section */
		2AD54DA81B6A108C001F3268 = {
			isa = PBXGroup;
			children = (
				2AD54DD61B6A109C001F3268 /* ReadMe.txt */,
				2AD54DB31B6A108C001F3268 /* HandleTextField */,
				2AD54DC91B6A108C001F3268 /* HandleTextFieldTests */,
				2AD54DB21B6A108C001F3268 /* Products */,
			);
			sourceTree = "<group>";
		};
		2AD54DB21B6A108C001F3268 /* Products */ = {
			isa = PBXGroup;
			children = (
				2AD54DB11B6A108C001F3268 /* HandleTextField.app */,
				2AD54DC61B6A108C001F3268 /* HandleTextFieldTests.xctest */,
			);
			name = Products;
			sourceTree = "<group>";
		};
		2AD54DB31B6A108C001F3268 /* HandleTextField */ = {
			isa = PBXGroup;
			children = (
				2AD54DB61B6A108C001F3268 /* AppDelegate.swift */,
				2AD54DB81B6A108C001F3268 /* ViewController.swift */,
				2AD54DBA1B6A108C001F3268 /* Main.storyboard */,
				2AD54DBD1B6A108C001F3268 /* Images.xcassets */,
				2AD54DBF1B6A108C001F3268 /* LaunchScreen.xib */,
				2AD54DB41B6A108C001F3268 /* Supporting Files */,
			);
			path = HandleTextField;
			sourceTree = "<group>";
		};
		2AD54DB41B6A108C001F3268 /* Supporting Files */ = {
			isa = PBXGroup;
			children = (
				2AD54DB51B6A108C001F3268 /* Info.plist */,
			);
			name = "Supporting Files";
			sourceTree = "<group>";
		};
		2AD54DC91B6A108C001F3268 /* HandleTextFieldTests */ = {
			isa = PBXGroup;
			children = (
				2AD54DCC1B6A108C001F3268 /* HandleTextFieldTests.swift */,
				2AD54DCA1B6A108C001F3268 /* Supporting Files */,
			);
			path = HandleTextFieldTests;
			sourceTree = "<group>";
		};
		2AD54DCA1B6A108C001F3268 /* Supporting Files */ = {
			isa = PBXGroup;
			children = (
				2AD54DCB1B6A108C001F3268 /* Info.plist */,
			);
			name = "Supporting Files";
			sourceTree = "<group>";
		};
/* End PBXGroup section */

/* Begin PBXNativeTarget section */
		2AD54DB01B6A108C001F3268 /* HandleTextField */ = {
			isa = PBXNativeTarget;
			buildConfigurationList = 2AD54DD01B6A108C001F3268 /* Build configuration list for PBXNativeTarget "HandleTextField" */;
			buildPhases = (
				2AD54DAD1B6A108C001F3268 /* Sources */,
				2AD54DAE1B6A108C001F3268 /* Frameworks */,
				2AD54DAF1B6A108C001F3268 /* Resources */,
			);
			buildRules = (
			);
			dependencies = (
			);
			name = HandleTextField;
			productName = HandleTextField;
			productReference = 2AD54DB11B6A108C001F3268 /* HandleTextField.app */;
			productType = "com.apple.product-type.application";
		};
		2AD54DC51B6A108C001F3268 /* HandleTextFieldTests */ = {
			isa = PBXNativeTarget;
			buildConfigurationList = 2AD54DD31B6A108C001F3268 /* Build configuration list for PBXNativeTarget "HandleTextFieldTests" */;
			buildPhases = (
				2AD54DC21B6A108C001F3268 /* Sources */,
				2AD54DC31B6A108C001F3268 /* Frameworks */,
				2AD54DC41B6A108C001F3268 /* Resources */,
			);
			buildRules = (
			);
			dependencies = (
				2AD54DC81B6A108C001F3268 /* PBXTargetDependency */,
			);
			name = HandleTextFieldTests;
			productName = HandleTextFieldTests;
			productReference = 2AD54DC61B6A108C001F3268 /* HandleTextFieldTests.xctest */;
			productType = "com.apple.product-type.bundle.unit-test";
		};
/* End PBXNativeTarget section */

/* Begin PBXProject section */
		2AD54DA91B6A108C001F3268 /* Project object */ = {
			isa = PBXProject;
			attributes = {
				LastUpgradeCheck = 0630;
				ORGANIZATIONNAME = "广东道一信息科技有限公司";
				TargetAttributes = {
					2AD54DB01B6A108C001F3268 = {
						CreatedOnToolsVersion = 6.3;
					};
					2AD54DC51B6A108C001F3268 = {
						CreatedOnToolsVersion = 6.3;
						TestTargetID = 2AD54DB01B6A108C001F3268;
					};
				};
			};
			buildConfigurationList = 2AD54DAC1B6A108C001F3268 /* Build configuration list for PBXProject "HandleTextField" */;
			compatibilityVersion = "Xcode 3.2";
			developmentRegion = English;
			hasScannedForEncodings = 0;
			knownRegions = (
				en,
				Base,
			);
			mainGroup = 2AD54DA81B6A108C001F3268;
			productRefGroup = 2AD54DB21B6A108C001F3268 /* Products */;
			projectDirPath = "";
			projectRoot = "";
			targets = (
				2AD54DB01B6A108C001F3268 /* HandleTextField */,
				2AD54DC51B6A108C001F3268 /* HandleTextFieldTests */,
			);
		};
/* End PBXProject section */

/* Begin PBXResourcesBuildPhase section */
		2AD54DAF1B6A108C001F3268 /* Resources */ = {
			isa = PBXResourcesBuildPhase;
			buildActionMask = 2147483647;
			files = (
				2AD54DBC1B6A108C001F3268 /* Main.storyboard in Resources */,
				2AD54DC11B6A108C001F3268 /* LaunchScreen.xib in Resources */,
				2AD54DD71B6A109C001F3268 /* ReadMe.txt in Resources */,
				2AD54DBE1B6A108C001F3268 /* Images.xcassets in Resources */,
			);
			runOnlyForDeploymentPostprocessing = 0;
		};
		2AD54DC41B6A108C001F3268 /* Resources */ = {
			isa = PBXResourcesBuildPhase;
			buildActionMask = 2147483647;
			files = (
			);
			runOnlyForDeploymentPostprocessing = 0;
		};
/* End PBXResourcesBuildPhase section */

/* Begin PBXSourcesBuildPhase section */
		2AD54DAD1B6A108C001F3268 /* Sources */ = {
			isa = PBXSourcesBuildPhase;
			buildActionMask = 2147483647;
			files = (
				2AD54DB91B6A108C001F3268 /* ViewController.swift in Sources */,
				2AD54DB71B6A108C001F3268 /* AppDelegate.swift in Sources */,
			);
			runOnlyForDeploymentPostprocessing = 0;
		};
		2AD54DC21B6A108C001F3268 /* Sources */ = {
			isa = PBXSourcesBuildPhase;
			buildActionMask = 2147483647;
			files = (
				2AD54DCD1B6A108C001F3268 /* HandleTextFieldTests.swift in Sources */,
			);
			runOnlyForDeploymentPostprocessing = 0;
		};
/* End PBXSourcesBuildPhase section */

/* Begin PBXTargetDependency section */
		2AD54DC81B6A108C001F3268 /* PBXTargetDependency */ = {
			isa = PBXTargetDependency;
			target = 2AD54DB01B6A108C001F3268 /* HandleTextField */;
			targetProxy = 2AD54DC71B6A108C001F3268 /* PBXContainerItemProxy */;
		};
/* End PBXTargetDependency section */

/* Begin PBXVariantGroup section */
		2AD54DBA1B6A108C001F3268 /* Main.storyboard */ = {
			isa = PBXVariantGroup;
			children = (
				2AD54DBB1B6A108C001F3268 /* Base */,
			);
			name = Main.storyboard;
			sourceTree = "<group>";
		};
		2AD54DBF1B6A108C001F3268 /* LaunchScreen.xib */ = {
			isa = PBXVariantGroup;
			children = (
				2AD54DC01B6A108C001F3268 /* Base */,
			);
			name = LaunchScreen.xib;
			sourceTree = "<group>";
		};
/* End PBXVariantGroup section */

/* Begin XCBuildConfiguration section */
		2AD54DCE1B6A108C001F3268 /* Debug */ = {
			isa = XCBuildConfiguration;
			buildSettings = {
				ALWAYS_SEARCH_USER_PATHS = NO;
				CLANG_CXX_LANGUAGE_STANDARD = "gnu++0x";
				CLANG_CXX_LIBRARY = "libc++";
				CLANG_ENABLE_MODULES = YES;
				CLANG_ENABLE_OBJC_ARC = YES;
				CLANG_WARN_BOOL_CONVERSION = YES;
				CLANG_WARN_CONSTANT_CONVERSION = YES;
				CLANG_WARN_DIRECT_OBJC_ISA_USAGE = YES_ERROR;
				CLANG_WARN_EMPTY_BODY = YES;
				CLANG_WARN_ENUM_CONVERSION = YES;
				CLANG_WARN_INT_CONVERSION = YES;
				CLANG_WARN_OBJC_ROOT_CLASS = YES_ERROR;
				CLANG_WARN_UNREACHABLE_CODE = YES;
				CLANG_WARN__DUPLICATE_METHOD_MATCH = YES;
				"CODE_SIGN_IDENTITY[sdk=iphoneos*]" = "iPhone Developer";
				COPY_PHASE_STRIP = NO;
				DEBUG_INFORMATION_FORMAT = "dwarf-with-dsym";
				ENABLE_STRICT_OBJC_MSGSEND = YES;
				GCC_C_LANGUAGE_STANDARD = gnu99;
				GCC_DYNAMIC_NO_PIC = NO;
				GCC_NO_COMMON_BLOCKS = YES;
				GCC_OPTIMIZATION_LEVEL = 0;
				GCC_PREPROCESSOR_DEFINITIONS = (
					"DEBUG=1",
					"$(inherited)",
				);
				GCC_SYMBOLS_PRIVATE_EXTERN = NO;
				GCC_WARN_64_TO_32_BIT_CONVERSION = YES;
				GCC_WARN_ABOUT_RETURN_TYPE = YES_ERROR;
				GCC_WARN_UNDECLARED_SELECTOR = YES;
				GCC_WARN_UNINITIALIZED_AUTOS = YES_AGGRESSIVE;
				GCC_WARN_UNUSED_FUNCTION = YES;
				GCC_WARN_UNUSED_VARIABLE = YES;
				IPHONEOS_DEPLOYMENT_TARGET = 8.3;
				MTL_ENABLE_DEBUG_INFO = YES;
				ONLY_ACTIVE_ARCH = YES;
				SDKROOT = iphoneos;
				SWIFT_OPTIMIZATION_LEVEL = "-Onone";
				TARGETED_DEVICE_FAMILY = "1,2";
			};
			name = Debug;
		};
		2AD54DCF1B6A108C001F3268 /* Release */ = {
			isa = XCBuildConfiguration;
			buildSettings = {
				ALWAYS_SEARCH_USER_PATHS = NO;
				CLANG_CXX_LANGUAGE_STANDARD = "gnu++0x";
				CLANG_CXX_LIBRARY = "libc++";
				CLANG_ENABLE_MODULES = YES;
				CLANG_ENABLE_OBJC_ARC = YES;
				CLANG_WARN_BOOL_CONVERSION = YES;
				CLANG_WARN_CONSTANT_CONVERSION = YES;
				CLANG_WARN_DIRECT_OBJC_ISA_USAGE = YES_ERROR;
				CLANG_WARN_EMPTY_BODY = YES;
				CLANG_WARN_ENUM_CONVERSION = YES;
				CLANG_WARN_INT_CONVERSION = YES;
				CLANG_WARN_OBJC_ROOT_CLASS = YES_ERROR;
				CLANG_WARN_UNREACHABLE_CODE = YES;
				CLANG_WARN__DUPLICATE_METHOD_MATCH = YES;
				"CODE_SIGN_IDENTITY[sdk=iphoneos*]" = "iPhone Developer";
				COPY_PHASE_STRIP = NO;
				DEBUG_INFORMATION_FORMAT = "dwarf-with-dsym";
				ENABLE_NS_ASSERTIONS = NO;
				ENABLE_STRICT_OBJC_MSGSEND = YES;
				GCC_C_LANGUAGE_STANDARD = gnu99;
				GCC_NO_COMMON_BLOCKS = YES;
				GCC_WARN_64_TO_32_BIT_CONVERSION = YES;
				GCC_WARN_ABOUT_RETURN_TYPE = YES_ERROR;
				GCC_WARN_UNDECLARED_SELECTOR = YES;
				GCC_WARN_UNINITIALIZED_AUTOS = YES_AGGRESSIVE;
				GCC_WARN_UNUSED_FUNCTION = YES;
				GCC_WARN_UNUSED_VARIABLE = YES;
				IPHONEOS_DEPLOYMENT_TARGET = 8.3;
				MTL_ENABLE_DEBUG_INFO = NO;
				SDKROOT = iphoneos;
				TARGETED_DEVICE_FAMILY = "1,2";
				VALIDATE_PRODUCT = YES;
			};
			name = Release;
		};
		2AD54DD11B6A108C001F3268 /* Debug */ = {
			isa = XCBuildConfiguration;
			buildSettings = {
				ASSETCATALOG_COMPILER_APPICON_NAME = AppIcon;
				INFOPLIST_FILE = HandleTextField/Info.plist;
				LD_RUNPATH_SEARCH_PATHS = "$(inherited) @executable_path/Frameworks";
				PRODUCT_NAME = "$(TARGET_NAME)";
			};
			name = Debug;
		};
		2AD54DD21B6A108C001F3268 /* Release */ = {
			isa = XCBuildConfiguration;
			buildSettings = {
				ASSETCATALOG_COMPILER_APPICON_NAME = AppIcon;
				INFOPLIST_FILE = HandleTextField/Info.plist;
				LD_RUNPATH_SEARCH_PATHS = "$(inherited) @executable_path/Frameworks";
				PRODUCT_NAME = "$(TARGET_NAME)";
			};
			name = Release;
		};
		2AD54DD41B6A108C001F3268 /* Debug */ = {
			isa = XCBuildConfiguration;
			buildSettings = {
				BUNDLE_LOADER = "$(TEST_HOST)";
				FRAMEWORK_SEARCH_PATHS = (
					"$(SDKROOT)/Developer/Library/Frameworks",
					"$(inherited)",
				);
				GCC_PREPROCESSOR_DEFINITIONS = (
					"DEBUG=1",
					"$(inherited)",
				);
				INFOPLIST_FILE = HandleTextFieldTests/Info.plist;
				LD_RUNPATH_SEARCH_PATHS = "$(inherited) @executable_path/Frameworks @loader_path/Frameworks";
				PRODUCT_NAME = "$(TARGET_NAME)";
				TEST_HOST = "$(BUILT_PRODUCTS_DIR)/HandleTextField.app/HandleTextField";
			};
			name = Debug;
		};
		2AD54DD51B6A108C001F3268 /* Release */ = {
			isa = XCBuildConfiguration;
			buildSettings = {
				BUNDLE_LOADER = "$(TEST_HOST)";
				FRAMEWORK_SEARCH_PATHS = (
					"$(SDKROOT)/Developer/Library/Frameworks",
					"$(inherited)",
				);
				INFOPLIST_FILE = HandleTextFieldTests/Info.plist;
				LD_RUNPATH_SEARCH_PATHS = "$(inherited) @executable_path/Frameworks @loader_path/Frameworks";
				PRODUCT_NAME = "$(TARGET_NAME)";
				TEST_HOST = "$(BUILT_PRODUCTS_DIR)/HandleTextField.app/HandleTextField";
			};
			name = Release;
		};
/* End XCBuildConfiguration section */

/* Begin XCConfigurationList section */
		2AD54DAC1B6A108C001F3268 /* Build configuration list for PBXProject "HandleTextField" */ = {
			isa = XCConfigurationList;
			buildConfigurations = (
				2AD54DCE1B6A108C001F3268 /* Debug */,
				2AD54DCF1B6A108C001F3268 /* Release */,
			);
			defaultConfigurationIsVisible = 0;
			defaultConfigurationName = Release;
		};
		2AD54DD01B6A108C001F3268 /* Build configuration list for PBXNativeTarget "HandleTextField" */ = {
			isa = XCConfigurationList;
			buildConfigurations = (
				2AD54DD11B6A108C001F3268 /* Debug */,
				2AD54DD21B6A108C001F3268 /* Release */,
			);
			defaultConfigurationIsVisible = 0;
		};
		2AD54DD31B6A108C001F3268 /* Build configuration list for PBXNativeTarget "HandleTextFieldTests" */ = {
			isa = XCConfigurationList;
			buildConfigurations = (
				2AD54DD41B6A108C001F3268 /* Debug */,
				2AD54DD51B6A108C001F3268 /* Release */,
			);
			defaultConfigurationIsVisible = 0;
		};
/* End XCConfigurationList section */
	};
	rootObject = 2AD54DA91B6A108C001F3268 /* Project object */;
}
